# This file is automatically @generated by Cargo.
# It is not intended for manual editing.
version = 4

[[package]]
name = "pepper-x-app"
version = "0.1.0"

[[package]]
name = "pepperx-ipc"
version = "0.1.0"

[[package]]
name = "pepperx-platform-gnome"
version = "0.1.0"

[[package]]
name = "pepperx-session"
version = "0.1.0"
